---
JobID: 5531
Type: wmv
Source: >
  /var/www/toadsquare_branch/dev/media/S1oIKjkC/project/filmNvideo/63/file/p180q0oeph16kj1lifub213f0u2f4.wmv
Destination: >
  /var/www/toadsquare_branch/dev/media/S1oIKjkC/project/filmNvideo/63/file/converted/p180q0oeph16kj1lifub213f0u2f4.mp4
ThumbPath: >
  /var/www/toadsquare_branch/dev/media/S1oIKjkC/project/filmNvideo/63/file/
Added: 2013-07-31 11:34:01
