---
JobID: 5532
Type: f4v
Source: >
  /var/www/toadsquare_branch/dev/media/S1oIKjkC/project/filmNvideo/63/file/p180q1etr8kv21bce12dd8221hd54.f4v
Destination: >
  /var/www/toadsquare_branch/dev/media/S1oIKjkC/project/filmNvideo/63/file/converted/p180q1etr8kv21bce12dd8221hd54.mp4
ThumbPath: >
  /var/www/toadsquare_branch/dev/media/S1oIKjkC/project/filmNvideo/63/file/
Added: 2013-07-31 11:50:01
