---
JobID: 6188
Type: mp4
Source: >
  /var/www/toadsquare_branch/dev/media/tRQMBn5H/project/filmNvideo/148/file/p19745itcr3k2jb41fesp0f7cj4.mp4
Destination: >
  /var/www/toadsquare_branch/dev/media/tRQMBn5H/project/filmNvideo/148/file/converted/p19745itcr3k2jb41fesp0f7cj4.mp4
ThumbPath: >
  /var/www/toadsquare_branch/dev/media/tRQMBn5H/project/filmNvideo/148/file/
Added: 2014-11-19 15:10:01
