---
JobID: 6358
Type: mp4
Source: >
  /var/www/toadsquare_branch/dev/media/08G0JKYh/project/educationMaterial/399/file/p198ama426hlba0b1mf79s314gi4.mp4
Destination: >
  /var/www/toadsquare_branch/dev/media/08G0JKYh/project/educationMaterial/399/file/converted/p198ama426hlba0b1mf79s314gi4.mp4
ThumbPath: >
  /var/www/toadsquare_branch/dev/media/08G0JKYh/project/educationMaterial/399/file/
Added: 2014-12-04 14:14:01
