---
JobID: 6424
Type: mp4
Source: >
  /var/www/toadsquare_branch/dev/media/08G0JKYh/project/filmNvideo/452/file/p198usos0l1o7bp0t1ebo1h7g1b014.mp4
Destination: >
  /var/www/toadsquare_branch/dev/media/08G0JKYh/project/filmNvideo/452/file/converted/p198usos0l1o7bp0t1ebo1h7g1b014.mp4
ThumbPath: >
  /var/www/toadsquare_branch/dev/media/08G0JKYh/project/filmNvideo/452/file/
Added: 2014-12-12 10:32:01
