---
JobID: 6660
Type: mp4
Source: >
  /var/www/toadsquare_branch/dev/media/tRQMBn5H/project/filmNvideo/541/file/p19ffpslmc37d1sgv1ur5cr5131q4.mp4
Destination: >
  /var/www/toadsquare_branch/dev/media/tRQMBn5H/project/filmNvideo/541/file/converted/p19ffpslmc37d1sgv1ur5cr5131q4.mp4
ThumbPath: >
  /var/www/toadsquare_branch/dev/media/tRQMBn5H/project/filmNvideo/541/file/
Added: 2015-03-03 13:42:01
